
Microsoft Visual Studio Solution File, Format Version 12.00
# Visual Studio 2013
VisualStudioVersion = 12.0.30501.0
MinimumVisualStudioVersion = 10.0.40219.1
Project("{FAE04EC0-301F-11D3-BF4B-00C04F79EFBC}") = "CINEMAS", "WPFTEST\CINEMAS.csproj", "{C3AFDBA7-82CA-4E63-A3E9-59AE907B585F}"
EndProject
Project("{FAE04EC0-301F-11D3-BF4B-00C04F79EFBC}") = "Cinema", "Cinema\Cinema.csproj", "{918B267E-C989-4B20-AF7D-70FA5E60FCAE}"
EndProject
Project("{FAE04EC0-301F-11D3-BF4B-00C04F79EFBC}") = "FileIO", "FileIO\FileIO\FileIO.csproj", "{5EA96324-014E-46DF-AE7C-E4C88F139FC9}"
EndProject
Global
	GlobalSection(SolutionConfigurationPlatforms) = preSolution
		Debug|Any CPU = Debug|Any CPU
		Release|Any CPU = Release|Any CPU
	EndGlobalSection
	GlobalSection(ProjectConfigurationPlatforms) = postSolution
		{C3AFDBA7-82CA-4E63-A3E9-59AE907B585F}.Debug|Any CPU.ActiveCfg = Debug|Any CPU
		{C3AFDBA7-82CA-4E63-A3E9-59AE907B585F}.Debug|Any CPU.Build.0 = Debug|Any CPU
		{C3AFDBA7-82CA-4E63-A3E9-59AE907B585F}.Release|Any CPU.ActiveCfg = Release|Any CPU
		{C3AFDBA7-82CA-4E63-A3E9-59AE907B585F}.Release|Any CPU.Build.0 = Release|Any CPU
		{918B267E-C989-4B20-AF7D-70FA5E60FCAE}.Debug|Any CPU.ActiveCfg = Debug|Any CPU
		{918B267E-C989-4B20-AF7D-70FA5E60FCAE}.Debug|Any CPU.Build.0 = Debug|Any CPU
		{918B267E-C989-4B20-AF7D-70FA5E60FCAE}.Release|Any CPU.ActiveCfg = Release|Any CPU
		{918B267E-C989-4B20-AF7D-70FA5E60FCAE}.Release|Any CPU.Build.0 = Release|Any CPU
		{5EA96324-014E-46DF-AE7C-E4C88F139FC9}.Debug|Any CPU.ActiveCfg = Debug|Any CPU
		{5EA96324-014E-46DF-AE7C-E4C88F139FC9}.Debug|Any CPU.Build.0 = Debug|Any CPU
		{5EA96324-014E-46DF-AE7C-E4C88F139FC9}.Release|Any CPU.ActiveCfg = Release|Any CPU
		{5EA96324-014E-46DF-AE7C-E4C88F139FC9}.Release|Any CPU.Build.0 = Release|Any CPU
	EndGlobalSection
	GlobalSection(SolutionProperties) = preSolution
		HideSolutionNode = FALSE
	EndGlobalSection
EndGlobal
